
Microsoft Visual Studio Solution File, Format Version 12.00
# Visual Studio 15
VisualStudioVersion = 15.0.26206.0
MinimumVisualStudioVersion = 10.0.40219.1
Project("{9A19103F-16F7-4668-BE54-9A1E7A4F7556}") = "Kasbah", "src\Kasbah\Kasbah.csproj", "{6DEAD1AB-91CE-4F3E-8318-54B309FA3A4F}"
EndProject
Project("{9A19103F-16F7-4668-BE54-9A1E7A4F7556}") = "Kasbah.Media.S3", "src\Kasbah.Media.S3\Kasbah.Media.S3.csproj", "{12B556FF-378C-4E46-BEF1-5291D0E5E1EE}"
EndProject
Project("{9A19103F-16F7-4668-BE54-9A1E7A4F7556}") = "Kasbah.Web.ContentDelivery", "src\Kasbah.Web.ContentDelivery\Kasbah.Web.ContentDelivery.csproj", "{C7BA1AE7-A251-4AD2-8DC2-49E4935F9D43}"
EndProject
Project("{9A19103F-16F7-4668-BE54-9A1E7A4F7556}") = "Kasbah.Web.ContentManagement", "src\Kasbah.Web.ContentManagement\Kasbah.Web.ContentManagement.csproj", "{7A55A986-A8A2-4B15-8557-BE857088C264}"
EndProject
Project("{2150E333-8FDC-42A3-9474-1A3956D46DE8}") = "src", "src", "{76C2BD1C-B34B-4FDB-9B51-0586438938AB}"
EndProject
Project("{13B669BE-BB05-4DDF-9536-439F39A36129}") = "Kasbah.DataAccess.Npgsql", "src\Kasbah.DataAccess.Npgsql\Kasbah.DataAccess.Npgsql.csproj", "{E1EF08D2-279B-4D31-AE35-16E84EF6C24D}"
EndProject
Project("{2150E333-8FDC-42A3-9474-1A3956D46DE8}") = "test", "test", "{7F35C1F5-589A-4DE5-8604-AF676CF77E6B}"
EndProject
Project("{FAE04EC0-301F-11D3-BF4B-00C04F79EFBC}") = "Kasbah.DataAccess.Npgsql.Test", "test\Kasbah.DataAccess.Npgsql.Test\Kasbah.DataAccess.Npgsql.Test.csproj", "{7BD4A56E-7D49-4E7A-AE25-F588D4BC48FD}"
EndProject
Global
	GlobalSection(SolutionConfigurationPlatforms) = preSolution
		Debug|Any CPU = Debug|Any CPU
		Debug|x64 = Debug|x64
		Debug|x86 = Debug|x86
		Release|Any CPU = Release|Any CPU
		Release|x64 = Release|x64
		Release|x86 = Release|x86
	EndGlobalSection
	GlobalSection(ProjectConfigurationPlatforms) = postSolution
		{6DEAD1AB-91CE-4F3E-8318-54B309FA3A4F}.Debug|Any CPU.ActiveCfg = Debug|Any CPU
		{6DEAD1AB-91CE-4F3E-8318-54B309FA3A4F}.Debug|Any CPU.Build.0 = Debug|Any CPU
		{6DEAD1AB-91CE-4F3E-8318-54B309FA3A4F}.Debug|x64.ActiveCfg = Debug|x64
		{6DEAD1AB-91CE-4F3E-8318-54B309FA3A4F}.Debug|x64.Build.0 = Debug|x64
		{6DEAD1AB-91CE-4F3E-8318-54B309FA3A4F}.Debug|x86.ActiveCfg = Debug|x86
		{6DEAD1AB-91CE-4F3E-8318-54B309FA3A4F}.Debug|x86.Build.0 = Debug|x86
		{6DEAD1AB-91CE-4F3E-8318-54B309FA3A4F}.Release|Any CPU.ActiveCfg = Release|Any CPU
		{6DEAD1AB-91CE-4F3E-8318-54B309FA3A4F}.Release|Any CPU.Build.0 = Release|Any CPU
		{6DEAD1AB-91CE-4F3E-8318-54B309FA3A4F}.Release|x64.ActiveCfg = Release|x64
		{6DEAD1AB-91CE-4F3E-8318-54B309FA3A4F}.Release|x64.Build.0 = Release|x64
		{6DEAD1AB-91CE-4F3E-8318-54B309FA3A4F}.Release|x86.ActiveCfg = Release|x86
		{6DEAD1AB-91CE-4F3E-8318-54B309FA3A4F}.Release|x86.Build.0 = Release|x86
		{12B556FF-378C-4E46-BEF1-5291D0E5E1EE}.Debug|Any CPU.ActiveCfg = Debug|Any CPU
		{12B556FF-378C-4E46-BEF1-5291D0E5E1EE}.Debug|Any CPU.Build.0 = Debug|Any CPU
		{12B556FF-378C-4E46-BEF1-5291D0E5E1EE}.Debug|x64.ActiveCfg = Debug|x64
		{12B556FF-378C-4E46-BEF1-5291D0E5E1EE}.Debug|x64.Build.0 = Debug|x64
		{12B556FF-378C-4E46-BEF1-5291D0E5E1EE}.Debug|x86.ActiveCfg = Debug|x86
		{12B556FF-378C-4E46-BEF1-5291D0E5E1EE}.Debug|x86.Build.0 = Debug|x86
		{12B556FF-378C-4E46-BEF1-5291D0E5E1EE}.Release|Any CPU.ActiveCfg = Release|Any CPU
		{12B556FF-378C-4E46-BEF1-5291D0E5E1EE}.Release|Any CPU.Build.0 = Release|Any CPU
		{12B556FF-378C-4E46-BEF1-5291D0E5E1EE}.Release|x64.ActiveCfg = Release|x64
		{12B556FF-378C-4E46-BEF1-5291D0E5E1EE}.Release|x64.Build.0 = Release|x64
		{12B556FF-378C-4E46-BEF1-5291D0E5E1EE}.Release|x86.ActiveCfg = Release|x86
		{12B556FF-378C-4E46-BEF1-5291D0E5E1EE}.Release|x86.Build.0 = Release|x86
		{C7BA1AE7-A251-4AD2-8DC2-49E4935F9D43}.Debug|Any CPU.ActiveCfg = Debug|Any CPU
		{C7BA1AE7-A251-4AD2-8DC2-49E4935F9D43}.Debug|Any CPU.Build.0 = Debug|Any CPU
		{C7BA1AE7-A251-4AD2-8DC2-49E4935F9D43}.Debug|x64.ActiveCfg = Debug|x64
		{C7BA1AE7-A251-4AD2-8DC2-49E4935F9D43}.Debug|x64.Build.0 = Debug|x64
		{C7BA1AE7-A251-4AD2-8DC2-49E4935F9D43}.Debug|x86.ActiveCfg = Debug|x86
		{C7BA1AE7-A251-4AD2-8DC2-49E4935F9D43}.Debug|x86.Build.0 = Debug|x86
		{C7BA1AE7-A251-4AD2-8DC2-49E4935F9D43}.Release|Any CPU.ActiveCfg = Release|Any CPU
		{C7BA1AE7-A251-4AD2-8DC2-49E4935F9D43}.Release|Any CPU.Build.0 = Release|Any CPU
		{C7BA1AE7-A251-4AD2-8DC2-49E4935F9D43}.Release|x64.ActiveCfg = Release|x64
		{C7BA1AE7-A251-4AD2-8DC2-49E4935F9D43}.Release|x64.Build.0 = Release|x64
		{C7BA1AE7-A251-4AD2-8DC2-49E4935F9D43}.Release|x86.ActiveCfg = Release|x86
		{C7BA1AE7-A251-4AD2-8DC2-49E4935F9D43}.Release|x86.Build.0 = Release|x86
		{7A55A986-A8A2-4B15-8557-BE857088C264}.Debug|Any CPU.ActiveCfg = Debug|Any CPU
		{7A55A986-A8A2-4B15-8557-BE857088C264}.Debug|Any CPU.Build.0 = Debug|Any CPU
		{7A55A986-A8A2-4B15-8557-BE857088C264}.Debug|x64.ActiveCfg = Debug|x64
		{7A55A986-A8A2-4B15-8557-BE857088C264}.Debug|x64.Build.0 = Debug|x64
		{7A55A986-A8A2-4B15-8557-BE857088C264}.Debug|x86.ActiveCfg = Debug|x86
		{7A55A986-A8A2-4B15-8557-BE857088C264}.Debug|x86.Build.0 = Debug|x86
		{7A55A986-A8A2-4B15-8557-BE857088C264}.Release|Any CPU.ActiveCfg = Release|Any CPU
		{7A55A986-A8A2-4B15-8557-BE857088C264}.Release|Any CPU.Build.0 = Release|Any CPU
		{7A55A986-A8A2-4B15-8557-BE857088C264}.Release|x64.ActiveCfg = Release|x64
		{7A55A986-A8A2-4B15-8557-BE857088C264}.Release|x64.Build.0 = Release|x64
		{7A55A986-A8A2-4B15-8557-BE857088C264}.Release|x86.ActiveCfg = Release|x86
		{7A55A986-A8A2-4B15-8557-BE857088C264}.Release|x86.Build.0 = Release|x86
		{E1EF08D2-279B-4D31-AE35-16E84EF6C24D}.Debug|Any CPU.ActiveCfg = Debug|Any CPU
		{E1EF08D2-279B-4D31-AE35-16E84EF6C24D}.Debug|Any CPU.Build.0 = Debug|Any CPU
		{E1EF08D2-279B-4D31-AE35-16E84EF6C24D}.Debug|x64.ActiveCfg = Debug|x64
		{E1EF08D2-279B-4D31-AE35-16E84EF6C24D}.Debug|x64.Build.0 = Debug|x64
		{E1EF08D2-279B-4D31-AE35-16E84EF6C24D}.Debug|x86.ActiveCfg = Debug|x86
		{E1EF08D2-279B-4D31-AE35-16E84EF6C24D}.Debug|x86.Build.0 = Debug|x86
		{E1EF08D2-279B-4D31-AE35-16E84EF6C24D}.Release|Any CPU.ActiveCfg = Release|Any CPU
		{E1EF08D2-279B-4D31-AE35-16E84EF6C24D}.Release|Any CPU.Build.0 = Release|Any CPU
		{E1EF08D2-279B-4D31-AE35-16E84EF6C24D}.Release|x64.ActiveCfg = Release|x64
		{E1EF08D2-279B-4D31-AE35-16E84EF6C24D}.Release|x64.Build.0 = Release|x64
		{E1EF08D2-279B-4D31-AE35-16E84EF6C24D}.Release|x86.ActiveCfg = Release|x86
		{E1EF08D2-279B-4D31-AE35-16E84EF6C24D}.Release|x86.Build.0 = Release|x86
		{7BD4A56E-7D49-4E7A-AE25-F588D4BC48FD}.Debug|Any CPU.ActiveCfg = Debug|Any CPU
		{7BD4A56E-7D49-4E7A-AE25-F588D4BC48FD}.Debug|Any CPU.Build.0 = Debug|Any CPU
		{7BD4A56E-7D49-4E7A-AE25-F588D4BC48FD}.Debug|x64.ActiveCfg = Debug|x64
		{7BD4A56E-7D49-4E7A-AE25-F588D4BC48FD}.Debug|x64.Build.0 = Debug|x64
		{7BD4A56E-7D49-4E7A-AE25-F588D4BC48FD}.Debug|x86.ActiveCfg = Debug|x86
		{7BD4A56E-7D49-4E7A-AE25-F588D4BC48FD}.Debug|x86.Build.0 = Debug|x86
		{7BD4A56E-7D49-4E7A-AE25-F588D4BC48FD}.Release|Any CPU.ActiveCfg = Release|Any CPU
		{7BD4A56E-7D49-4E7A-AE25-F588D4BC48FD}.Release|Any CPU.Build.0 = Release|Any CPU
		{7BD4A56E-7D49-4E7A-AE25-F588D4BC48FD}.Release|x64.ActiveCfg = Release|x64
		{7BD4A56E-7D49-4E7A-AE25-F588D4BC48FD}.Release|x64.Build.0 = Release|x64
		{7BD4A56E-7D49-4E7A-AE25-F588D4BC48FD}.Release|x86.ActiveCfg = Release|x86
		{7BD4A56E-7D49-4E7A-AE25-F588D4BC48FD}.Release|x86.Build.0 = Release|x86
	EndGlobalSection
	GlobalSection(SolutionProperties) = preSolution
		HideSolutionNode = FALSE
	EndGlobalSection
	GlobalSection(NestedProjects) = preSolution
		{E1EF08D2-279B-4D31-AE35-16E84EF6C24D} = {76C2BD1C-B34B-4FDB-9B51-0586438938AB}
		{7BD4A56E-7D49-4E7A-AE25-F588D4BC48FD} = {7F35C1F5-589A-4DE5-8604-AF676CF77E6B}
	EndGlobalSection
EndGlobal
