
Microsoft Visual Studio Solution File, Format Version 12.00
# Visual Studio 15
VisualStudioVersion = 15.0.26206.0
MinimumVisualStudioVersion = 10.0.40219.1
Project("{9A19103F-16F7-4668-BE54-9A1E7A4F7556}") = "Kasbah", "src\Kasbah\Kasbah.csproj", "{6DEAD1AB-91CE-4F3E-8318-54B309FA3A4F}"
EndProject
Project("{9A19103F-16F7-4668-BE54-9A1E7A4F7556}") = "Kasbah.Provider.Aws", "src\Kasbah.Provider.Aws\Kasbah.Provider.Aws.csproj", "{12B556FF-378C-4E46-BEF1-5291D0E5E1EE}"
EndProject
Project("{2150E333-8FDC-42A3-9474-1A3956D46DE8}") = "src", "src", "{76C2BD1C-B34B-4FDB-9B51-0586438938AB}"
EndProject
Project("{13B669BE-BB05-4DDF-9536-439F39A36129}") = "Kasbah.Provider.Npgsql", "src\Kasbah.Provider.Npgsql\Kasbah.Provider.Npgsql.csproj", "{E1EF08D2-279B-4D31-AE35-16E84EF6C24D}"
EndProject
Project("{FAE04EC0-301F-11D3-BF4B-00C04F79EFBC}") = "Kasbah.Web", "src\Kasbah.Web\Kasbah.Web.csproj", "{B47ECE40-D504-448D-8A71-EE43456B84DB}"
EndProject
Project("{FAE04EC0-301F-11D3-BF4B-00C04F79EFBC}") = "Kasbah.Media", "src\Kasbah.Media\Kasbah.Media.csproj", "{FA4722C4-582E-4980-B308-6801F96736F5}"
EndProject
Project("{FAE04EC0-301F-11D3-BF4B-00C04F79EFBC}") = "Kasbah.Analytics", "src\Kasbah.Analytics\Kasbah.Analytics.csproj", "{CEEFC076-9CB4-48B9-8C1E-7DB4D8E7E496}"
EndProject
Project("{FAE04EC0-301F-11D3-BF4B-00C04F79EFBC}") = "Kasbah.Commerce", "src\Kasbah.Commerce\Kasbah.Commerce.csproj", "{950CAAD9-7147-44FE-826A-3F852808597D}"
EndProject
Project("{FAE04EC0-301F-11D3-BF4B-00C04F79EFBC}") = "Kasbah.Web.Analytics", "src\Kasbah.Web.Analytics\Kasbah.Web.Analytics.csproj", "{801DB487-E618-41F6-82D0-902D13F1FC63}"
EndProject
Global
	GlobalSection(SolutionConfigurationPlatforms) = preSolution
		Debug|Any CPU = Debug|Any CPU
		Debug|x64 = Debug|x64
		Debug|x86 = Debug|x86
		Release|Any CPU = Release|Any CPU
		Release|x64 = Release|x64
		Release|x86 = Release|x86
	EndGlobalSection
	GlobalSection(ProjectConfigurationPlatforms) = postSolution
		{6DEAD1AB-91CE-4F3E-8318-54B309FA3A4F}.Debug|Any CPU.ActiveCfg = Debug|Any CPU
		{6DEAD1AB-91CE-4F3E-8318-54B309FA3A4F}.Debug|Any CPU.Build.0 = Debug|Any CPU
		{6DEAD1AB-91CE-4F3E-8318-54B309FA3A4F}.Debug|x64.ActiveCfg = Debug|x64
		{6DEAD1AB-91CE-4F3E-8318-54B309FA3A4F}.Debug|x64.Build.0 = Debug|x64
		{6DEAD1AB-91CE-4F3E-8318-54B309FA3A4F}.Debug|x86.ActiveCfg = Debug|x86
		{6DEAD1AB-91CE-4F3E-8318-54B309FA3A4F}.Debug|x86.Build.0 = Debug|x86
		{6DEAD1AB-91CE-4F3E-8318-54B309FA3A4F}.Release|Any CPU.ActiveCfg = Release|Any CPU
		{6DEAD1AB-91CE-4F3E-8318-54B309FA3A4F}.Release|Any CPU.Build.0 = Release|Any CPU
		{6DEAD1AB-91CE-4F3E-8318-54B309FA3A4F}.Release|x64.ActiveCfg = Release|x64
		{6DEAD1AB-91CE-4F3E-8318-54B309FA3A4F}.Release|x64.Build.0 = Release|x64
		{6DEAD1AB-91CE-4F3E-8318-54B309FA3A4F}.Release|x86.ActiveCfg = Release|x86
		{6DEAD1AB-91CE-4F3E-8318-54B309FA3A4F}.Release|x86.Build.0 = Release|x86
		{12B556FF-378C-4E46-BEF1-5291D0E5E1EE}.Debug|Any CPU.ActiveCfg = Debug|Any CPU
		{12B556FF-378C-4E46-BEF1-5291D0E5E1EE}.Debug|Any CPU.Build.0 = Debug|Any CPU
		{12B556FF-378C-4E46-BEF1-5291D0E5E1EE}.Debug|x64.ActiveCfg = Debug|x64
		{12B556FF-378C-4E46-BEF1-5291D0E5E1EE}.Debug|x64.Build.0 = Debug|x64
		{12B556FF-378C-4E46-BEF1-5291D0E5E1EE}.Debug|x86.ActiveCfg = Debug|x86
		{12B556FF-378C-4E46-BEF1-5291D0E5E1EE}.Debug|x86.Build.0 = Debug|x86
		{12B556FF-378C-4E46-BEF1-5291D0E5E1EE}.Release|Any CPU.ActiveCfg = Release|Any CPU
		{12B556FF-378C-4E46-BEF1-5291D0E5E1EE}.Release|Any CPU.Build.0 = Release|Any CPU
		{12B556FF-378C-4E46-BEF1-5291D0E5E1EE}.Release|x64.ActiveCfg = Release|x64
		{12B556FF-378C-4E46-BEF1-5291D0E5E1EE}.Release|x64.Build.0 = Release|x64
		{12B556FF-378C-4E46-BEF1-5291D0E5E1EE}.Release|x86.ActiveCfg = Release|x86
		{12B556FF-378C-4E46-BEF1-5291D0E5E1EE}.Release|x86.Build.0 = Release|x86
		{E1EF08D2-279B-4D31-AE35-16E84EF6C24D}.Debug|Any CPU.ActiveCfg = Debug|Any CPU
		{E1EF08D2-279B-4D31-AE35-16E84EF6C24D}.Debug|Any CPU.Build.0 = Debug|Any CPU
		{E1EF08D2-279B-4D31-AE35-16E84EF6C24D}.Debug|x64.ActiveCfg = Debug|x64
		{E1EF08D2-279B-4D31-AE35-16E84EF6C24D}.Debug|x64.Build.0 = Debug|x64
		{E1EF08D2-279B-4D31-AE35-16E84EF6C24D}.Debug|x86.ActiveCfg = Debug|x86
		{E1EF08D2-279B-4D31-AE35-16E84EF6C24D}.Debug|x86.Build.0 = Debug|x86
		{E1EF08D2-279B-4D31-AE35-16E84EF6C24D}.Release|Any CPU.ActiveCfg = Release|Any CPU
		{E1EF08D2-279B-4D31-AE35-16E84EF6C24D}.Release|Any CPU.Build.0 = Release|Any CPU
		{E1EF08D2-279B-4D31-AE35-16E84EF6C24D}.Release|x64.ActiveCfg = Release|x64
		{E1EF08D2-279B-4D31-AE35-16E84EF6C24D}.Release|x64.Build.0 = Release|x64
		{E1EF08D2-279B-4D31-AE35-16E84EF6C24D}.Release|x86.ActiveCfg = Release|x86
		{E1EF08D2-279B-4D31-AE35-16E84EF6C24D}.Release|x86.Build.0 = Release|x86
		{B47ECE40-D504-448D-8A71-EE43456B84DB}.Debug|Any CPU.ActiveCfg = Debug|Any CPU
		{B47ECE40-D504-448D-8A71-EE43456B84DB}.Debug|Any CPU.Build.0 = Debug|Any CPU
		{B47ECE40-D504-448D-8A71-EE43456B84DB}.Debug|x64.ActiveCfg = Debug|x64
		{B47ECE40-D504-448D-8A71-EE43456B84DB}.Debug|x64.Build.0 = Debug|x64
		{B47ECE40-D504-448D-8A71-EE43456B84DB}.Debug|x86.ActiveCfg = Debug|x86
		{B47ECE40-D504-448D-8A71-EE43456B84DB}.Debug|x86.Build.0 = Debug|x86
		{B47ECE40-D504-448D-8A71-EE43456B84DB}.Release|Any CPU.ActiveCfg = Release|Any CPU
		{B47ECE40-D504-448D-8A71-EE43456B84DB}.Release|Any CPU.Build.0 = Release|Any CPU
		{B47ECE40-D504-448D-8A71-EE43456B84DB}.Release|x64.ActiveCfg = Release|x64
		{B47ECE40-D504-448D-8A71-EE43456B84DB}.Release|x64.Build.0 = Release|x64
		{B47ECE40-D504-448D-8A71-EE43456B84DB}.Release|x86.ActiveCfg = Release|x86
		{B47ECE40-D504-448D-8A71-EE43456B84DB}.Release|x86.Build.0 = Release|x86
		{FA4722C4-582E-4980-B308-6801F96736F5}.Debug|Any CPU.ActiveCfg = Debug|Any CPU
		{FA4722C4-582E-4980-B308-6801F96736F5}.Debug|Any CPU.Build.0 = Debug|Any CPU
		{FA4722C4-582E-4980-B308-6801F96736F5}.Debug|x64.ActiveCfg = Debug|x64
		{FA4722C4-582E-4980-B308-6801F96736F5}.Debug|x64.Build.0 = Debug|x64
		{FA4722C4-582E-4980-B308-6801F96736F5}.Debug|x86.ActiveCfg = Debug|x86
		{FA4722C4-582E-4980-B308-6801F96736F5}.Debug|x86.Build.0 = Debug|x86
		{FA4722C4-582E-4980-B308-6801F96736F5}.Release|Any CPU.ActiveCfg = Release|Any CPU
		{FA4722C4-582E-4980-B308-6801F96736F5}.Release|Any CPU.Build.0 = Release|Any CPU
		{FA4722C4-582E-4980-B308-6801F96736F5}.Release|x64.ActiveCfg = Release|x64
		{FA4722C4-582E-4980-B308-6801F96736F5}.Release|x64.Build.0 = Release|x64
		{FA4722C4-582E-4980-B308-6801F96736F5}.Release|x86.ActiveCfg = Release|x86
		{FA4722C4-582E-4980-B308-6801F96736F5}.Release|x86.Build.0 = Release|x86
		{CEEFC076-9CB4-48B9-8C1E-7DB4D8E7E496}.Debug|Any CPU.ActiveCfg = Debug|Any CPU
		{CEEFC076-9CB4-48B9-8C1E-7DB4D8E7E496}.Debug|Any CPU.Build.0 = Debug|Any CPU
		{CEEFC076-9CB4-48B9-8C1E-7DB4D8E7E496}.Debug|x64.ActiveCfg = Debug|x64
		{CEEFC076-9CB4-48B9-8C1E-7DB4D8E7E496}.Debug|x64.Build.0 = Debug|x64
		{CEEFC076-9CB4-48B9-8C1E-7DB4D8E7E496}.Debug|x86.ActiveCfg = Debug|x86
		{CEEFC076-9CB4-48B9-8C1E-7DB4D8E7E496}.Debug|x86.Build.0 = Debug|x86
		{CEEFC076-9CB4-48B9-8C1E-7DB4D8E7E496}.Release|Any CPU.ActiveCfg = Release|Any CPU
		{CEEFC076-9CB4-48B9-8C1E-7DB4D8E7E496}.Release|Any CPU.Build.0 = Release|Any CPU
		{CEEFC076-9CB4-48B9-8C1E-7DB4D8E7E496}.Release|x64.ActiveCfg = Release|x64
		{CEEFC076-9CB4-48B9-8C1E-7DB4D8E7E496}.Release|x64.Build.0 = Release|x64
		{CEEFC076-9CB4-48B9-8C1E-7DB4D8E7E496}.Release|x86.ActiveCfg = Release|x86
		{CEEFC076-9CB4-48B9-8C1E-7DB4D8E7E496}.Release|x86.Build.0 = Release|x86
		{950CAAD9-7147-44FE-826A-3F852808597D}.Debug|Any CPU.ActiveCfg = Debug|Any CPU
		{950CAAD9-7147-44FE-826A-3F852808597D}.Debug|Any CPU.Build.0 = Debug|Any CPU
		{950CAAD9-7147-44FE-826A-3F852808597D}.Debug|x64.ActiveCfg = Debug|x64
		{950CAAD9-7147-44FE-826A-3F852808597D}.Debug|x64.Build.0 = Debug|x64
		{950CAAD9-7147-44FE-826A-3F852808597D}.Debug|x86.ActiveCfg = Debug|x86
		{950CAAD9-7147-44FE-826A-3F852808597D}.Debug|x86.Build.0 = Debug|x86
		{950CAAD9-7147-44FE-826A-3F852808597D}.Release|Any CPU.ActiveCfg = Release|Any CPU
		{950CAAD9-7147-44FE-826A-3F852808597D}.Release|Any CPU.Build.0 = Release|Any CPU
		{950CAAD9-7147-44FE-826A-3F852808597D}.Release|x64.ActiveCfg = Release|x64
		{950CAAD9-7147-44FE-826A-3F852808597D}.Release|x64.Build.0 = Release|x64
		{950CAAD9-7147-44FE-826A-3F852808597D}.Release|x86.ActiveCfg = Release|x86
		{950CAAD9-7147-44FE-826A-3F852808597D}.Release|x86.Build.0 = Release|x86
		{801DB487-E618-41F6-82D0-902D13F1FC63}.Debug|Any CPU.ActiveCfg = Debug|Any CPU
		{801DB487-E618-41F6-82D0-902D13F1FC63}.Debug|Any CPU.Build.0 = Debug|Any CPU
		{801DB487-E618-41F6-82D0-902D13F1FC63}.Debug|x64.ActiveCfg = Debug|x64
		{801DB487-E618-41F6-82D0-902D13F1FC63}.Debug|x64.Build.0 = Debug|x64
		{801DB487-E618-41F6-82D0-902D13F1FC63}.Debug|x86.ActiveCfg = Debug|x86
		{801DB487-E618-41F6-82D0-902D13F1FC63}.Debug|x86.Build.0 = Debug|x86
		{801DB487-E618-41F6-82D0-902D13F1FC63}.Release|Any CPU.ActiveCfg = Release|Any CPU
		{801DB487-E618-41F6-82D0-902D13F1FC63}.Release|Any CPU.Build.0 = Release|Any CPU
		{801DB487-E618-41F6-82D0-902D13F1FC63}.Release|x64.ActiveCfg = Release|x64
		{801DB487-E618-41F6-82D0-902D13F1FC63}.Release|x64.Build.0 = Release|x64
		{801DB487-E618-41F6-82D0-902D13F1FC63}.Release|x86.ActiveCfg = Release|x86
		{801DB487-E618-41F6-82D0-902D13F1FC63}.Release|x86.Build.0 = Release|x86
	EndGlobalSection
	GlobalSection(SolutionProperties) = preSolution
		HideSolutionNode = FALSE
	EndGlobalSection
	GlobalSection(NestedProjects) = preSolution
		{E1EF08D2-279B-4D31-AE35-16E84EF6C24D} = {76C2BD1C-B34B-4FDB-9B51-0586438938AB}
		{B47ECE40-D504-448D-8A71-EE43456B84DB} = {76C2BD1C-B34B-4FDB-9B51-0586438938AB}
		{FA4722C4-582E-4980-B308-6801F96736F5} = {76C2BD1C-B34B-4FDB-9B51-0586438938AB}
		{CEEFC076-9CB4-48B9-8C1E-7DB4D8E7E496} = {76C2BD1C-B34B-4FDB-9B51-0586438938AB}
		{950CAAD9-7147-44FE-826A-3F852808597D} = {76C2BD1C-B34B-4FDB-9B51-0586438938AB}
		{801DB487-E618-41F6-82D0-902D13F1FC63} = {76C2BD1C-B34B-4FDB-9B51-0586438938AB}
	EndGlobalSection
EndGlobal
