Microsoft Visual Studio Solution File, Format Version 12.00
# Visual Studio 15
VisualStudioVersion = 15.0.26206.0
MinimumVisualStudioVersion = 10.0.40219.1
Project("{9A19103F-16F7-4668-BE54-9A1E7A4F7556}") = "Kasbah", "src\Kasbah\Kasbah.csproj", "{6DEAD1AB-91CE-4F3E-8318-54B309FA3A4F}"
EndProject
Project("{9A19103F-16F7-4668-BE54-9A1E7A4F7556}") = "Kasbah.Media", "src\Kasbah.Media\Kasbah.Media.csproj", "{964C3A3B-174B-40C0-A8F4-89F2C985F67F}"
EndProject
Project("{9A19103F-16F7-4668-BE54-9A1E7A4F7556}") = "Kasbah.Analytics", "src\Kasbah.Analytics\Kasbah.Analytics.csproj", "{BC0C18EC-9299-49FB-9097-12CFA61E86FE}"
EndProject
Project("{9A19103F-16F7-4668-BE54-9A1E7A4F7556}") = "Kasbah.Web", "src\Kasbah.Web\Kasbah.Web.csproj", "{204C0A18-E2BC-42F8-B490-A0D4C28F212C}"
EndProject
Project("{9A19103F-16F7-4668-BE54-9A1E7A4F7556}") = "Kasbah.Provider.Aws", "src\Kasbah.Provider.Aws\Kasbah.Provider.Aws.csproj", "{A0DE44E8-BA69-41B8-A425-0F1895163B23}"
EndProject
Project("{9A19103F-16F7-4668-BE54-9A1E7A4F7556}") = "Kasbah.Provider.Npgsql", "src\Kasbah.Provider.Npgsql\Kasbah.Provider.Npgsql.csproj", "{9543516A-C9E2-4346-AE26-AC02CD4CFAA3}"
EndProject
Project("{9A19103F-16F7-4668-BE54-9A1E7A4F7556}") = "Kasbah.Web.Analytics", "src\Kasbah.Web.Analytics\Kasbah.Web.Analytics.csproj", "{AD7FD30E-1B19-4882-84C1-9BDE905ACD2B}"
EndProject
Global
	GlobalSection(SolutionConfigurationPlatforms) = preSolution
		Debug|Any CPU = Debug|Any CPU
		Debug|x64 = Debug|x64
		Debug|x86 = Debug|x86
		Release|Any CPU = Release|Any CPU
		Release|x64 = Release|x64
		Release|x86 = Release|x86
	EndGlobalSection
	GlobalSection(ProjectConfigurationPlatforms) = postSolution
		{6DEAD1AB-91CE-4F3E-8318-54B309FA3A4F}.Debug|Any CPU.ActiveCfg = Debug|Any CPU
		{6DEAD1AB-91CE-4F3E-8318-54B309FA3A4F}.Debug|Any CPU.Build.0 = Debug|Any CPU
		{6DEAD1AB-91CE-4F3E-8318-54B309FA3A4F}.Debug|x64.ActiveCfg = Debug|Any CPU
		{6DEAD1AB-91CE-4F3E-8318-54B309FA3A4F}.Debug|x64.Build.0 = Debug|Any CPU
		{6DEAD1AB-91CE-4F3E-8318-54B309FA3A4F}.Debug|x86.ActiveCfg = Debug|Any CPU
		{6DEAD1AB-91CE-4F3E-8318-54B309FA3A4F}.Debug|x86.Build.0 = Debug|Any CPU
		{6DEAD1AB-91CE-4F3E-8318-54B309FA3A4F}.Release|Any CPU.ActiveCfg = Release|Any CPU
		{6DEAD1AB-91CE-4F3E-8318-54B309FA3A4F}.Release|Any CPU.Build.0 = Release|Any CPU
		{6DEAD1AB-91CE-4F3E-8318-54B309FA3A4F}.Release|x64.ActiveCfg = Release|Any CPU
		{6DEAD1AB-91CE-4F3E-8318-54B309FA3A4F}.Release|x64.Build.0 = Release|Any CPU
		{6DEAD1AB-91CE-4F3E-8318-54B309FA3A4F}.Release|x86.ActiveCfg = Release|Any CPU
		{6DEAD1AB-91CE-4F3E-8318-54B309FA3A4F}.Release|x86.Build.0 = Release|Any CPU
		{964C3A3B-174B-40C0-A8F4-89F2C985F67F}.Debug|Any CPU.ActiveCfg = Debug|Any CPU
		{964C3A3B-174B-40C0-A8F4-89F2C985F67F}.Debug|Any CPU.Build.0 = Debug|Any CPU
		{964C3A3B-174B-40C0-A8F4-89F2C985F67F}.Debug|x64.ActiveCfg = Debug|Any CPU
		{964C3A3B-174B-40C0-A8F4-89F2C985F67F}.Debug|x64.Build.0 = Debug|Any CPU
		{964C3A3B-174B-40C0-A8F4-89F2C985F67F}.Debug|x86.ActiveCfg = Debug|Any CPU
		{964C3A3B-174B-40C0-A8F4-89F2C985F67F}.Debug|x86.Build.0 = Debug|Any CPU
		{964C3A3B-174B-40C0-A8F4-89F2C985F67F}.Release|Any CPU.ActiveCfg = Release|Any CPU
		{964C3A3B-174B-40C0-A8F4-89F2C985F67F}.Release|Any CPU.Build.0 = Release|Any CPU
		{964C3A3B-174B-40C0-A8F4-89F2C985F67F}.Release|x64.ActiveCfg = Release|Any CPU
		{964C3A3B-174B-40C0-A8F4-89F2C985F67F}.Release|x64.Build.0 = Release|Any CPU
		{964C3A3B-174B-40C0-A8F4-89F2C985F67F}.Release|x86.ActiveCfg = Release|Any CPU
		{964C3A3B-174B-40C0-A8F4-89F2C985F67F}.Release|x86.Build.0 = Release|Any CPU
		{BC0C18EC-9299-49FB-9097-12CFA61E86FE}.Debug|Any CPU.ActiveCfg = Debug|Any CPU
		{BC0C18EC-9299-49FB-9097-12CFA61E86FE}.Debug|Any CPU.Build.0 = Debug|Any CPU
		{BC0C18EC-9299-49FB-9097-12CFA61E86FE}.Debug|x64.ActiveCfg = Debug|Any CPU
		{BC0C18EC-9299-49FB-9097-12CFA61E86FE}.Debug|x64.Build.0 = Debug|Any CPU
		{BC0C18EC-9299-49FB-9097-12CFA61E86FE}.Debug|x86.ActiveCfg = Debug|Any CPU
		{BC0C18EC-9299-49FB-9097-12CFA61E86FE}.Debug|x86.Build.0 = Debug|Any CPU
		{BC0C18EC-9299-49FB-9097-12CFA61E86FE}.Release|Any CPU.ActiveCfg = Release|Any CPU
		{BC0C18EC-9299-49FB-9097-12CFA61E86FE}.Release|Any CPU.Build.0 = Release|Any CPU
		{BC0C18EC-9299-49FB-9097-12CFA61E86FE}.Release|x64.ActiveCfg = Release|Any CPU
		{BC0C18EC-9299-49FB-9097-12CFA61E86FE}.Release|x64.Build.0 = Release|Any CPU
		{BC0C18EC-9299-49FB-9097-12CFA61E86FE}.Release|x86.ActiveCfg = Release|Any CPU
		{BC0C18EC-9299-49FB-9097-12CFA61E86FE}.Release|x86.Build.0 = Release|Any CPU
		{204C0A18-E2BC-42F8-B490-A0D4C28F212C}.Debug|Any CPU.ActiveCfg = Debug|Any CPU
		{204C0A18-E2BC-42F8-B490-A0D4C28F212C}.Debug|Any CPU.Build.0 = Debug|Any CPU
		{204C0A18-E2BC-42F8-B490-A0D4C28F212C}.Debug|x64.ActiveCfg = Debug|Any CPU
		{204C0A18-E2BC-42F8-B490-A0D4C28F212C}.Debug|x64.Build.0 = Debug|Any CPU
		{204C0A18-E2BC-42F8-B490-A0D4C28F212C}.Debug|x86.ActiveCfg = Debug|Any CPU
		{204C0A18-E2BC-42F8-B490-A0D4C28F212C}.Debug|x86.Build.0 = Debug|Any CPU
		{204C0A18-E2BC-42F8-B490-A0D4C28F212C}.Release|Any CPU.ActiveCfg = Release|Any CPU
		{204C0A18-E2BC-42F8-B490-A0D4C28F212C}.Release|Any CPU.Build.0 = Release|Any CPU
		{204C0A18-E2BC-42F8-B490-A0D4C28F212C}.Release|x64.ActiveCfg = Release|Any CPU
		{204C0A18-E2BC-42F8-B490-A0D4C28F212C}.Release|x64.Build.0 = Release|Any CPU
		{204C0A18-E2BC-42F8-B490-A0D4C28F212C}.Release|x86.ActiveCfg = Release|Any CPU
		{204C0A18-E2BC-42F8-B490-A0D4C28F212C}.Release|x86.Build.0 = Release|Any CPU
		{A0DE44E8-BA69-41B8-A425-0F1895163B23}.Debug|Any CPU.ActiveCfg = Debug|Any CPU
		{A0DE44E8-BA69-41B8-A425-0F1895163B23}.Debug|Any CPU.Build.0 = Debug|Any CPU
		{A0DE44E8-BA69-41B8-A425-0F1895163B23}.Debug|x64.ActiveCfg = Debug|Any CPU
		{A0DE44E8-BA69-41B8-A425-0F1895163B23}.Debug|x64.Build.0 = Debug|Any CPU
		{A0DE44E8-BA69-41B8-A425-0F1895163B23}.Debug|x86.ActiveCfg = Debug|Any CPU
		{A0DE44E8-BA69-41B8-A425-0F1895163B23}.Debug|x86.Build.0 = Debug|Any CPU
		{A0DE44E8-BA69-41B8-A425-0F1895163B23}.Release|Any CPU.ActiveCfg = Release|Any CPU
		{A0DE44E8-BA69-41B8-A425-0F1895163B23}.Release|Any CPU.Build.0 = Release|Any CPU
		{A0DE44E8-BA69-41B8-A425-0F1895163B23}.Release|x64.ActiveCfg = Release|Any CPU
		{A0DE44E8-BA69-41B8-A425-0F1895163B23}.Release|x64.Build.0 = Release|Any CPU
		{A0DE44E8-BA69-41B8-A425-0F1895163B23}.Release|x86.ActiveCfg = Release|Any CPU
		{A0DE44E8-BA69-41B8-A425-0F1895163B23}.Release|x86.Build.0 = Release|Any CPU
		{9543516A-C9E2-4346-AE26-AC02CD4CFAA3}.Debug|Any CPU.ActiveCfg = Debug|Any CPU
		{9543516A-C9E2-4346-AE26-AC02CD4CFAA3}.Debug|Any CPU.Build.0 = Debug|Any CPU
		{9543516A-C9E2-4346-AE26-AC02CD4CFAA3}.Debug|x64.ActiveCfg = Debug|Any CPU
		{9543516A-C9E2-4346-AE26-AC02CD4CFAA3}.Debug|x64.Build.0 = Debug|Any CPU
		{9543516A-C9E2-4346-AE26-AC02CD4CFAA3}.Debug|x86.ActiveCfg = Debug|Any CPU
		{9543516A-C9E2-4346-AE26-AC02CD4CFAA3}.Debug|x86.Build.0 = Debug|Any CPU
		{9543516A-C9E2-4346-AE26-AC02CD4CFAA3}.Release|Any CPU.ActiveCfg = Release|Any CPU
		{9543516A-C9E2-4346-AE26-AC02CD4CFAA3}.Release|Any CPU.Build.0 = Release|Any CPU
		{9543516A-C9E2-4346-AE26-AC02CD4CFAA3}.Release|x64.ActiveCfg = Release|Any CPU
		{9543516A-C9E2-4346-AE26-AC02CD4CFAA3}.Release|x64.Build.0 = Release|Any CPU
		{9543516A-C9E2-4346-AE26-AC02CD4CFAA3}.Release|x86.ActiveCfg = Release|Any CPU
		{9543516A-C9E2-4346-AE26-AC02CD4CFAA3}.Release|x86.Build.0 = Release|Any CPU
		{AD7FD30E-1B19-4882-84C1-9BDE905ACD2B}.Debug|Any CPU.ActiveCfg = Debug|Any CPU
		{AD7FD30E-1B19-4882-84C1-9BDE905ACD2B}.Debug|Any CPU.Build.0 = Debug|Any CPU
		{AD7FD30E-1B19-4882-84C1-9BDE905ACD2B}.Debug|x64.ActiveCfg = Debug|Any CPU
		{AD7FD30E-1B19-4882-84C1-9BDE905ACD2B}.Debug|x64.Build.0 = Debug|Any CPU
		{AD7FD30E-1B19-4882-84C1-9BDE905ACD2B}.Debug|x86.ActiveCfg = Debug|Any CPU
		{AD7FD30E-1B19-4882-84C1-9BDE905ACD2B}.Debug|x86.Build.0 = Debug|Any CPU
		{AD7FD30E-1B19-4882-84C1-9BDE905ACD2B}.Release|Any CPU.ActiveCfg = Release|Any CPU
		{AD7FD30E-1B19-4882-84C1-9BDE905ACD2B}.Release|Any CPU.Build.0 = Release|Any CPU
		{AD7FD30E-1B19-4882-84C1-9BDE905ACD2B}.Release|x64.ActiveCfg = Release|Any CPU
		{AD7FD30E-1B19-4882-84C1-9BDE905ACD2B}.Release|x64.Build.0 = Release|Any CPU
		{AD7FD30E-1B19-4882-84C1-9BDE905ACD2B}.Release|x86.ActiveCfg = Release|Any CPU
		{AD7FD30E-1B19-4882-84C1-9BDE905ACD2B}.Release|x86.Build.0 = Release|Any CPU
	EndGlobalSection
	GlobalSection(SolutionProperties) = preSolution
		HideSolutionNode = FALSE
	EndGlobalSection
	GlobalSection(ExtensibilityGlobals) = postSolution
		SolutionGuid = {4C9A3DF4-59B5-4127-9287-1CAF75B8A979}
	EndGlobalSection
EndGlobal
